
Microsoft Visual Studio Solution File, Format Version 12.00
# Visual Studio Version 16
VisualStudioVersion = 16.0.31005.135
MinimumVisualStudioVersion = 10.0.40219.1
Project("{9A19103F-16F7-4668-BE54-9A1E7A4F7556}") = "chirpel", "chirpel\chirpel.csproj", "{707D3EEB-8489-4D3A-9EF3-3DBC3C648F2C}"
EndProject
Project("{9A19103F-16F7-4668-BE54-9A1E7A4F7556}") = "Chirpel.Logic", "chirpel.Logic\Chirpel.Logic.csproj", "{60A9CBE1-3193-45AA-9872-4BBEE96D3EB6}"
EndProject
Project("{9A19103F-16F7-4668-BE54-9A1E7A4F7556}") = "Chirpel.Common", "Chirpel.Common\Chirpel.Common.csproj", "{3A47DD79-F175-4B87-93C3-F2C4CBD94A33}"
EndProject
Project("{9A19103F-16F7-4668-BE54-9A1E7A4F7556}") = "Chirpel.Data", "Chirpel.Data\Chirpel.Data.csproj", "{60E118DB-9C9C-4D9B-8F63-F887DB33C348}"
EndProject
Project("{FAE04EC0-301F-11D3-BF4B-00C04F79EFBC}") = "Chipel.Factory", "Chipel.Factory\Chipel.Factory.csproj", "{3F2BBF85-9798-4C69-8CAF-2101E0673D27}"
EndProject
Global
	GlobalSection(SolutionConfigurationPlatforms) = preSolution
		Debug|Any CPU = Debug|Any CPU
		Release|Any CPU = Release|Any CPU
	EndGlobalSection
	GlobalSection(ProjectConfigurationPlatforms) = postSolution
		{707D3EEB-8489-4D3A-9EF3-3DBC3C648F2C}.Debug|Any CPU.ActiveCfg = Debug|Any CPU
		{707D3EEB-8489-4D3A-9EF3-3DBC3C648F2C}.Debug|Any CPU.Build.0 = Debug|Any CPU
		{707D3EEB-8489-4D3A-9EF3-3DBC3C648F2C}.Release|Any CPU.ActiveCfg = Release|Any CPU
		{707D3EEB-8489-4D3A-9EF3-3DBC3C648F2C}.Release|Any CPU.Build.0 = Release|Any CPU
		{60A9CBE1-3193-45AA-9872-4BBEE96D3EB6}.Debug|Any CPU.ActiveCfg = Debug|Any CPU
		{60A9CBE1-3193-45AA-9872-4BBEE96D3EB6}.Debug|Any CPU.Build.0 = Debug|Any CPU
		{60A9CBE1-3193-45AA-9872-4BBEE96D3EB6}.Release|Any CPU.ActiveCfg = Release|Any CPU
		{60A9CBE1-3193-45AA-9872-4BBEE96D3EB6}.Release|Any CPU.Build.0 = Release|Any CPU
		{3A47DD79-F175-4B87-93C3-F2C4CBD94A33}.Debug|Any CPU.ActiveCfg = Debug|Any CPU
		{3A47DD79-F175-4B87-93C3-F2C4CBD94A33}.Debug|Any CPU.Build.0 = Debug|Any CPU
		{3A47DD79-F175-4B87-93C3-F2C4CBD94A33}.Release|Any CPU.ActiveCfg = Release|Any CPU
		{3A47DD79-F175-4B87-93C3-F2C4CBD94A33}.Release|Any CPU.Build.0 = Release|Any CPU
		{60E118DB-9C9C-4D9B-8F63-F887DB33C348}.Debug|Any CPU.ActiveCfg = Debug|Any CPU
		{60E118DB-9C9C-4D9B-8F63-F887DB33C348}.Debug|Any CPU.Build.0 = Debug|Any CPU
		{60E118DB-9C9C-4D9B-8F63-F887DB33C348}.Release|Any CPU.ActiveCfg = Release|Any CPU
		{60E118DB-9C9C-4D9B-8F63-F887DB33C348}.Release|Any CPU.Build.0 = Release|Any CPU
		{3F2BBF85-9798-4C69-8CAF-2101E0673D27}.Debug|Any CPU.ActiveCfg = Debug|Any CPU
		{3F2BBF85-9798-4C69-8CAF-2101E0673D27}.Debug|Any CPU.Build.0 = Debug|Any CPU
		{3F2BBF85-9798-4C69-8CAF-2101E0673D27}.Release|Any CPU.ActiveCfg = Release|Any CPU
		{3F2BBF85-9798-4C69-8CAF-2101E0673D27}.Release|Any CPU.Build.0 = Release|Any CPU
	EndGlobalSection
	GlobalSection(SolutionProperties) = preSolution
		HideSolutionNode = FALSE
	EndGlobalSection
	GlobalSection(ExtensibilityGlobals) = postSolution
		SolutionGuid = {1FCC7BF9-825F-42DA-9FB3-4667DC19E8A1}
	EndGlobalSection
EndGlobal
